hash: 1c8c5ebf98873ee80d66952907581cc3702f6ce68c2206e3c6c6b7c3dac2dade
updated: 2017-05-07T21:40:58.350924581+02:00
imports:
- name: github.com/beorn7/perks
  version: 4c0e84591b9aa9e6dcfdf3e020114cd81f89d5f9
  subpackages:
  - quantile
- name: github.com/golang/protobuf
  version: 18c9bb3261723cd5401db4d0c9fbc5c3b6c70fe8
  subpackages:
  - proto
- name: github.com/matttproud/golang_protobuf_extensions
  version: c12348ce28de40eed0136aa2b644d0ee0650e56c
  subpackages:
  - pbutil
- name: github.com/pkg/errors
  version: c605e284fe17294bda444b34710735b29d1a9d90
- name: github.com/prometheus/client_golang
  version: c5b7fccd204277076155f10851dad72b76a49317
  subpackages:
  - client_golang/prometheus
  - prometheus
- name: github.com/prometheus/client_model
  version: 6f3806018612930941127f2a7c6c453ba2c527d2
  subpackages:
  - go
- name: github.com/prometheus/common
  version: 13ba4ddd0caa9c28ca7b7bffe1dfa9ed8d5ef207
  subpackages:
  - expfmt
  - internal/bitbucket.org/ww/goautoneg
  - log
  - model
  - version
- name: github.com/prometheus/procfs
  version: d098ca18df8bc825079013daf7bacefbb1ee877e
  subpackages:
  - xfs
- name: github.com/Sirupsen/logrus
  version: 5b60b3d3ee017ed00bcd0225fcca7acab767844b
- name: github.com/yawning/bulb
  version: 85d80d893c3d4a478b8c0abbc43f0ea13e1ce4f9
  subpackages:
  - utils
  - utils/pkcs1
- name: golang.org/x/net
  version: feeb485667d1fdabe727840fe00adc22431bc86e
  subpackages:
  - proxy
- name: golang.org/x/sys
  version: 9ccfe848b9db8435a24c424abbc07a921adf1df5
  subpackages:
  - unix
  - windows
  - windows/registry
  - windows/svc/eventlog
testImports: []
